// !$*UTF8*$!
{
	archiveVersion = 1;
	classes = {
	};
	objectVersion = 46;
	objects = {

/* Begin PBXBuildFile section */
		970CF1371DDA488000ADBD58 /* main.cpp in Sources */ = {isa = PBXBuildFile; fileRef = 970CF1361DDA488000ADBD58 /* main.cpp */; };
/* End PBXBuildFile section */

/* Begin PBXCopyFilesBuildPhase section */
		970CF1311DDA488000ADBD58 /* CopyFiles */ = {
			isa = PBXCopyFilesBuildPhase;
			buildActionMask = 2147483647;
			dstPath = /usr/share/man/man1/;
			dstSubfolderSpec = 0;
			files = (
			);
			runOnlyForDeploymentPostprocessing = 1;
		};
/* End PBXCopyFilesBuildPhase section */

/* Begin PBXFileReference section */
		970CF1331DDA488000ADBD58 /* Vectors (In Class example) */ = {isa = PBXFileReference; explicitFileType = "compiled.mach-o.executable"; includeInIndex = 0; path = "Vectors (In Class example)"; sourceTree = BUILT_PRODUCTS_DIR; };
		970CF1361DDA488000ADBD58 /* main.cpp */ = {isa = PBXFileReference; lastKnownFileType = sourcecode.cpp.cpp; path = main.cpp; sourceTree = "<group>"; };
/* End PBXFileReference section */

/* Begin PBXFrameworksBuildPhase section */
		970CF1301DDA488000ADBD58 /* Frameworks */ = {
			isa = PBXFrameworksBuildPhase;
			buildActionMask = 2147483647;
			files = (
			);
			runOnlyForDeploymentPostprocessing = 0;
		};
/* End PBXFrameworksBuildPhase section */

/* Begin PBXGroup section */
		970CF12A1DDA488000ADBD58 = {
			isa = PBXGroup;
			children = (
				970CF1351DDA488000ADBD58 /* Vectors (In Class example) */,
				970CF1341DDA488000ADBD58 /* Products */,
			);
			sourceTree = "<group>";
		};
		970CF1341DDA488000ADBD58 /* Products */ = {
			isa = PBXGroup;
			children = (
				970CF1331DDA488000ADBD58 /* Vectors (In Class example) */,
			);
			name = Products;
			sourceTree = "<group>";
		};
		970CF1351DDA488000ADBD58 /* Vectors (In Class example) */ = {
			isa = PBXGroup;
			children = (
				970CF1361DDA488000ADBD58 /* main.cpp */,
			);
			path = "Vectors (In Class example)";
			sourceTree = "<group>";
		};
/* End PBXGroup section */

/* Begin PBXNativeTarget section */
		970CF1321DDA488000ADBD58 /* Vectors (In Class example) */ = {
			isa = PBXNativeTarget;
			buildConfigurationList = 970CF13A1DDA488000ADBD58 /* Build configuration list for PBXNativeTarget "Vectors (In Class example)" */;
			buildPhases = (
				970CF12F1DDA488000ADBD58 /* Sources */,
				970CF1301DDA488000ADBD58 /* Frameworks */,
				970CF1311DDA488000ADBD58 /* CopyFiles */,
			);
			buildRules = (
			);
			dependencies = (
			);
			name = "Vectors (In Class example)";
			productName = "Vectors (In Class example)";
			productReference = 970CF1331DDA488000ADBD58 /* Vectors (In Class example) */;
			productType = "com.apple.product-type.tool";
		};
/* End PBXNativeTarget section */

/* Begin PBXProject section */
		970CF12B1DDA488000ADBD58 /* Project object */ = {
			isa = PBXProject;
			attributes = {
				LastUpgradeCheck = 0720;
				ORGANIZATIONNAME = "Tiffany Montgomery";
				TargetAttributes = {
					970CF1321DDA488000ADBD58 = {
						CreatedOnToolsVersion = 7.2;
					};
				};
			};
			buildConfigurationList = 970CF12E1DDA488000ADBD58 /* Build configuration list for PBXProject "Vectors (In Class example)" */;
			compatibilityVersion = "Xcode 3.2";
			developmentRegion = English;
			hasScannedForEncodings = 0;
			knownRegions = (
				en,
			);
			mainGroup = 970CF12A1DDA488000ADBD58;
			productRefGroup = 970CF1341DDA488000ADBD58 /* Products */;
			projectDirPath = "";
			projectRoot = "";
			targets = (
				970CF1321DDA488000ADBD58 /* Vectors (In Class example) */,
			);
		};
/* End PBXProject section */

/* Begin PBXSourcesBuildPhase section */
		970CF12F1DDA488000ADBD58 /* Sources */ = {
			isa = PBXSourcesBuildPhase;
			buildActionMask = 2147483647;
			files = (
				970CF1371DDA488000ADBD58 /* main.cpp in Sources */,
			);
			runOnlyForDeploymentPostprocessing = 0;
		};
/* End PBXSourcesBuildPhase section */

/* Begin XCBuildConfiguration section */
		970CF1381DDA488000ADBD58 /* Debug */ = {
			isa = XCBuildConfiguration;
			buildSettings = {
				ALWAYS_SEARCH_USER_PATHS = NO;
				CLANG_CXX_LANGUAGE_STANDARD = "gnu++0x";
				CLANG_CXX_LIBRARY = "libc++";
				CLANG_ENABLE_MODULES = YES;
				CLANG_ENABLE_OBJC_ARC = YES;
				CLANG_WARN_BOOL_CONVERSION = YES;
				CLANG_WARN_CONSTANT_CONVERSION = YES;
				CLANG_WARN_DIRECT_OBJC_ISA_USAGE = YES_ERROR;
				CLANG_WARN_EMPTY_BODY = YES;
				CLANG_WARN_ENUM_CONVERSION = YES;
				CLANG_WARN_INT_CONVERSION = YES;
				CLANG_WARN_OBJC_ROOT_CLASS = YES_ERROR;
				CLANG_WARN_UNREACHABLE_CODE = YES;
				CLANG_WARN__DUPLICATE_METHOD_MATCH = YES;
				CODE_SIGN_IDENTITY = "-";
				COPY_PHASE_STRIP = NO;
				DEBUG_INFORMATION_FORMAT = dwarf;
				ENABLE_STRICT_OBJC_MSGSEND = YES;
				ENABLE_TESTABILITY = YES;
				GCC_C_LANGUAGE_STANDARD = gnu99;
				GCC_DYNAMIC_NO_PIC = NO;
				GCC_NO_COMMON_BLOCKS = YES;
				GCC_OPTIMIZATION_LEVEL = 0;
				GCC_PREPROCESSOR_DEFINITIONS = (
					"DEBUG=1",
					"$(inherited)",
				);
				GCC_WARN_64_TO_32_BIT_CONVERSION = YES;
				GCC_WARN_ABOUT_RETURN_TYPE = YES_ERROR;
				GCC_WARN_UNDECLARED_SELECTOR = YES;
				GCC_WARN_UNINITIALIZED_AUTOS = YES_AGGRESSIVE;
				GCC_WARN_UNUSED_FUNCTION = YES;
				GCC_WARN_UNUSED_VARIABLE = YES;
				MACOSX_DEPLOYMENT_TARGET = 10.11;
				MTL_ENABLE_DEBUG_INFO = YES;
				ONLY_ACTIVE_ARCH = YES;
				SDKROOT = macosx;
			};
			name = Debug;
		};
		970CF1391DDA488000ADBD58 /* Release */ = {
			isa = XCBuildConfiguration;
			buildSettings = {
				ALWAYS_SEARCH_USER_PATHS = NO;
				CLANG_CXX_LANGUAGE_STANDARD = "gnu++0x";
				CLANG_CXX_LIBRARY = "libc++";
				CLANG_ENABLE_MODULES = YES;
				CLANG_ENABLE_OBJC_ARC = YES;
				CLANG_WARN_BOOL_CONVERSION = YES;
				CLANG_WARN_CONSTANT_CONVERSION = YES;
				CLANG_WARN_DIRECT_OBJC_ISA_USAGE = YES_ERROR;
				CLANG_WARN_EMPTY_BODY = YES;
				CLANG_WARN_ENUM_CONVERSION = YES;
				CLANG_WARN_INT_CONVERSION = YES;
				CLANG_WARN_OBJC_ROOT_CLASS = YES_ERROR;
				CLANG_WARN_UNREACHABLE_CODE = YES;
				CLANG_WARN__DUPLICATE_METHOD_MATCH = YES;
				CODE_SIGN_IDENTITY = "-";
				COPY_PHASE_STRIP = NO;
				DEBUG_INFORMATION_FORMAT = "dwarf-with-dsym";
				ENABLE_NS_ASSERTIONS = NO;
				ENABLE_STRICT_OBJC_MSGSEND = YES;
				GCC_C_LANGUAGE_STANDARD = gnu99;
				GCC_NO_COMMON_BLOCKS = YES;
				GCC_WARN_64_TO_32_BIT_CONVERSION = YES;
				GCC_WARN_ABOUT_RETURN_TYPE = YES_ERROR;
				GCC_WARN_UNDECLARED_SELECTOR = YES;
				GCC_WARN_UNINITIALIZED_AUTOS = YES_AGGRESSIVE;
				GCC_WARN_UNUSED_FUNCTION = YES;
				GCC_WARN_UNUSED_VARIABLE = YES;
				MACOSX_DEPLOYMENT_TARGET = 10.11;
				MTL_ENABLE_DEBUG_INFO = NO;
				SDKROOT = macosx;
			};
			name = Release;
		};
		970CF13B1DDA488000ADBD58 /* Debug */ = {
			isa = XCBuildConfiguration;
			buildSettings = {
				PRODUCT_NAME = "$(TARGET_NAME)";
			};
			name = Debug;
		};
		970CF13C1DDA488000ADBD58 /* Release */ = {
			isa = XCBuildConfiguration;
			buildSettings = {
				PRODUCT_NAME = "$(TARGET_NAME)";
			};
			name = Release;
		};
/* End XCBuildConfiguration section */

/* Begin XCConfigurationList section */
		970CF12E1DDA488000ADBD58 /* Build configuration list for PBXProject "Vectors (In Class example)" */ = {
			isa = XCConfigurationList;
			buildConfigurations = (
				970CF1381DDA488000ADBD58 /* Debug */,
				970CF1391DDA488000ADBD58 /* Release */,
			);
			defaultConfigurationIsVisible = 0;
			defaultConfigurationName = Release;
		};
		970CF13A1DDA488000ADBD58 /* Build configuration list for PBXNativeTarget "Vectors (In Class example)" */ = {
			isa = XCConfigurationList;
			buildConfigurations = (
				970CF13B1DDA488000ADBD58 /* Debug */,
				970CF13C1DDA488000ADBD58 /* Release */,
			);
			defaultConfigurationIsVisible = 0;
		};
/* End XCConfigurationList section */
	};
	rootObject = 970CF12B1DDA488000ADBD58 /* Project object */;
}
