// !$*UTF8*$!
{
	archiveVersion = 1;
	classes = {
	};
	objectVersion = 46;
	objects = {

/* Begin PBXBuildFile section */
		971EC2381DBD8B6200003D5F /* main.cpp in Sources */ = {isa = PBXBuildFile; fileRef = 971EC2371DBD8B6200003D5F /* main.cpp */; };
/* End PBXBuildFile section */

/* Begin PBXCopyFilesBuildPhase section */
		971EC2321DBD8B6200003D5F /* CopyFiles */ = {
			isa = PBXCopyFilesBuildPhase;
			buildActionMask = 2147483647;
			dstPath = /usr/share/man/man1/;
			dstSubfolderSpec = 0;
			files = (
			);
			runOnlyForDeploymentPostprocessing = 1;
		};
/* End PBXCopyFilesBuildPhase section */

/* Begin PBXFileReference section */
		971EC2341DBD8B6200003D5F /* Lab6-Number1 */ = {isa = PBXFileReference; explicitFileType = "compiled.mach-o.executable"; includeInIndex = 0; path = "Lab6-Number1"; sourceTree = BUILT_PRODUCTS_DIR; };
		971EC2371DBD8B6200003D5F /* main.cpp */ = {isa = PBXFileReference; lastKnownFileType = sourcecode.cpp.cpp; path = main.cpp; sourceTree = "<group>"; };
/* End PBXFileReference section */

/* Begin PBXFrameworksBuildPhase section */
		971EC2311DBD8B6200003D5F /* Frameworks */ = {
			isa = PBXFrameworksBuildPhase;
			buildActionMask = 2147483647;
			files = (
			);
			runOnlyForDeploymentPostprocessing = 0;
		};
/* End PBXFrameworksBuildPhase section */

/* Begin PBXGroup section */
		971EC22B1DBD8B6200003D5F = {
			isa = PBXGroup;
			children = (
				971EC2361DBD8B6200003D5F /* Lab6-Number1 */,
				971EC2351DBD8B6200003D5F /* Products */,
			);
			sourceTree = "<group>";
		};
		971EC2351DBD8B6200003D5F /* Products */ = {
			isa = PBXGroup;
			children = (
				971EC2341DBD8B6200003D5F /* Lab6-Number1 */,
			);
			name = Products;
			sourceTree = "<group>";
		};
		971EC2361DBD8B6200003D5F /* Lab6-Number1 */ = {
			isa = PBXGroup;
			children = (
				971EC2371DBD8B6200003D5F /* main.cpp */,
			);
			path = "Lab6-Number1";
			sourceTree = "<group>";
		};
/* End PBXGroup section */

/* Begin PBXNativeTarget section */
		971EC2331DBD8B6200003D5F /* Lab6-Number1 */ = {
			isa = PBXNativeTarget;
			buildConfigurationList = 971EC23B1DBD8B6200003D5F /* Build configuration list for PBXNativeTarget "Lab6-Number1" */;
			buildPhases = (
				971EC2301DBD8B6200003D5F /* Sources */,
				971EC2311DBD8B6200003D5F /* Frameworks */,
				971EC2321DBD8B6200003D5F /* CopyFiles */,
			);
			buildRules = (
			);
			dependencies = (
			);
			name = "Lab6-Number1";
			productName = "Lab6-Number1";
			productReference = 971EC2341DBD8B6200003D5F /* Lab6-Number1 */;
			productType = "com.apple.product-type.tool";
		};
/* End PBXNativeTarget section */

/* Begin PBXProject section */
		971EC22C1DBD8B6200003D5F /* Project object */ = {
			isa = PBXProject;
			attributes = {
				LastUpgradeCheck = 0720;
				ORGANIZATIONNAME = "Tiffany Montgomery";
				TargetAttributes = {
					971EC2331DBD8B6200003D5F = {
						CreatedOnToolsVersion = 7.2;
					};
				};
			};
			buildConfigurationList = 971EC22F1DBD8B6200003D5F /* Build configuration list for PBXProject "Lab6-Number1" */;
			compatibilityVersion = "Xcode 3.2";
			developmentRegion = English;
			hasScannedForEncodings = 0;
			knownRegions = (
				en,
			);
			mainGroup = 971EC22B1DBD8B6200003D5F;
			productRefGroup = 971EC2351DBD8B6200003D5F /* Products */;
			projectDirPath = "";
			projectRoot = "";
			targets = (
				971EC2331DBD8B6200003D5F /* Lab6-Number1 */,
			);
		};
/* End PBXProject section */

/* Begin PBXSourcesBuildPhase section */
		971EC2301DBD8B6200003D5F /* Sources */ = {
			isa = PBXSourcesBuildPhase;
			buildActionMask = 2147483647;
			files = (
				971EC2381DBD8B6200003D5F /* main.cpp in Sources */,
			);
			runOnlyForDeploymentPostprocessing = 0;
		};
/* End PBXSourcesBuildPhase section */

/* Begin XCBuildConfiguration section */
		971EC2391DBD8B6200003D5F /* Debug */ = {
			isa = XCBuildConfiguration;
			buildSettings = {
				ALWAYS_SEARCH_USER_PATHS = NO;
				CLANG_CXX_LANGUAGE_STANDARD = "gnu++0x";
				CLANG_CXX_LIBRARY = "libc++";
				CLANG_ENABLE_MODULES = YES;
				CLANG_ENABLE_OBJC_ARC = YES;
				CLANG_WARN_BOOL_CONVERSION = YES;
				CLANG_WARN_CONSTANT_CONVERSION = YES;
				CLANG_WARN_DIRECT_OBJC_ISA_USAGE = YES_ERROR;
				CLANG_WARN_EMPTY_BODY = YES;
				CLANG_WARN_ENUM_CONVERSION = YES;
				CLANG_WARN_INT_CONVERSION = YES;
				CLANG_WARN_OBJC_ROOT_CLASS = YES_ERROR;
				CLANG_WARN_UNREACHABLE_CODE = YES;
				CLANG_WARN__DUPLICATE_METHOD_MATCH = YES;
				CODE_SIGN_IDENTITY = "-";
				COPY_PHASE_STRIP = NO;
				DEBUG_INFORMATION_FORMAT = dwarf;
				ENABLE_STRICT_OBJC_MSGSEND = YES;
				ENABLE_TESTABILITY = YES;
				GCC_C_LANGUAGE_STANDARD = gnu99;
				GCC_DYNAMIC_NO_PIC = NO;
				GCC_NO_COMMON_BLOCKS = YES;
				GCC_OPTIMIZATION_LEVEL = 0;
				GCC_PREPROCESSOR_DEFINITIONS = (
					"DEBUG=1",
					"$(inherited)",
				);
				GCC_WARN_64_TO_32_BIT_CONVERSION = YES;
				GCC_WARN_ABOUT_RETURN_TYPE = YES_ERROR;
				GCC_WARN_UNDECLARED_SELECTOR = YES;
				GCC_WARN_UNINITIALIZED_AUTOS = YES_AGGRESSIVE;
				GCC_WARN_UNUSED_FUNCTION = YES;
				GCC_WARN_UNUSED_VARIABLE = YES;
				MACOSX_DEPLOYMENT_TARGET = 10.11;
				MTL_ENABLE_DEBUG_INFO = YES;
				ONLY_ACTIVE_ARCH = YES;
				SDKROOT = macosx;
			};
			name = Debug;
		};
		971EC23A1DBD8B6200003D5F /* Release */ = {
			isa = XCBuildConfiguration;
			buildSettings = {
				ALWAYS_SEARCH_USER_PATHS = NO;
				CLANG_CXX_LANGUAGE_STANDARD = "gnu++0x";
				CLANG_CXX_LIBRARY = "libc++";
				CLANG_ENABLE_MODULES = YES;
				CLANG_ENABLE_OBJC_ARC = YES;
				CLANG_WARN_BOOL_CONVERSION = YES;
				CLANG_WARN_CONSTANT_CONVERSION = YES;
				CLANG_WARN_DIRECT_OBJC_ISA_USAGE = YES_ERROR;
				CLANG_WARN_EMPTY_BODY = YES;
				CLANG_WARN_ENUM_CONVERSION = YES;
				CLANG_WARN_INT_CONVERSION = YES;
				CLANG_WARN_OBJC_ROOT_CLASS = YES_ERROR;
				CLANG_WARN_UNREACHABLE_CODE = YES;
				CLANG_WARN__DUPLICATE_METHOD_MATCH = YES;
				CODE_SIGN_IDENTITY = "-";
				COPY_PHASE_STRIP = NO;
				DEBUG_INFORMATION_FORMAT = "dwarf-with-dsym";
				ENABLE_NS_ASSERTIONS = NO;
				ENABLE_STRICT_OBJC_MSGSEND = YES;
				GCC_C_LANGUAGE_STANDARD = gnu99;
				GCC_NO_COMMON_BLOCKS = YES;
				GCC_WARN_64_TO_32_BIT_CONVERSION = YES;
				GCC_WARN_ABOUT_RETURN_TYPE = YES_ERROR;
				GCC_WARN_UNDECLARED_SELECTOR = YES;
				GCC_WARN_UNINITIALIZED_AUTOS = YES_AGGRESSIVE;
				GCC_WARN_UNUSED_FUNCTION = YES;
				GCC_WARN_UNUSED_VARIABLE = YES;
				MACOSX_DEPLOYMENT_TARGET = 10.11;
				MTL_ENABLE_DEBUG_INFO = NO;
				SDKROOT = macosx;
			};
			name = Release;
		};
		971EC23C1DBD8B6200003D5F /* Debug */ = {
			isa = XCBuildConfiguration;
			buildSettings = {
				PRODUCT_NAME = "$(TARGET_NAME)";
			};
			name = Debug;
		};
		971EC23D1DBD8B6200003D5F /* Release */ = {
			isa = XCBuildConfiguration;
			buildSettings = {
				PRODUCT_NAME = "$(TARGET_NAME)";
			};
			name = Release;
		};
/* End XCBuildConfiguration section */

/* Begin XCConfigurationList section */
		971EC22F1DBD8B6200003D5F /* Build configuration list for PBXProject "Lab6-Number1" */ = {
			isa = XCConfigurationList;
			buildConfigurations = (
				971EC2391DBD8B6200003D5F /* Debug */,
				971EC23A1DBD8B6200003D5F /* Release */,
			);
			defaultConfigurationIsVisible = 0;
			defaultConfigurationName = Release;
		};
		971EC23B1DBD8B6200003D5F /* Build configuration list for PBXNativeTarget "Lab6-Number1" */ = {
			isa = XCConfigurationList;
			buildConfigurations = (
				971EC23C1DBD8B6200003D5F /* Debug */,
				971EC23D1DBD8B6200003D5F /* Release */,
			);
			defaultConfigurationIsVisible = 0;
		};
/* End XCConfigurationList section */
	};
	rootObject = 971EC22C1DBD8B6200003D5F /* Project object */;
}
