// !$*UTF8*$!
{
	archiveVersion = 1;
	classes = {
	};
	objectVersion = 46;
	objects = {

/* Begin PBXBuildFile section */
		97AF07A81DF5E61000BB7565 /* main.cpp in Sources */ = {isa = PBXBuildFile; fileRef = 97AF07A71DF5E61000BB7565 /* main.cpp */; };
/* End PBXBuildFile section */

/* Begin PBXCopyFilesBuildPhase section */
		97AF07A21DF5E60F00BB7565 /* CopyFiles */ = {
			isa = PBXCopyFilesBuildPhase;
			buildActionMask = 2147483647;
			dstPath = /usr/share/man/man1/;
			dstSubfolderSpec = 0;
			files = (
			);
			runOnlyForDeploymentPostprocessing = 1;
		};
/* End PBXCopyFilesBuildPhase section */

/* Begin PBXFileReference section */
		97AF07A41DF5E60F00BB7565 /* Calculus Topics */ = {isa = PBXFileReference; explicitFileType = "compiled.mach-o.executable"; includeInIndex = 0; path = "Calculus Topics"; sourceTree = BUILT_PRODUCTS_DIR; };
		97AF07A71DF5E61000BB7565 /* main.cpp */ = {isa = PBXFileReference; lastKnownFileType = sourcecode.cpp.cpp; path = main.cpp; sourceTree = "<group>"; };
/* End PBXFileReference section */

/* Begin PBXFrameworksBuildPhase section */
		97AF07A11DF5E60F00BB7565 /* Frameworks */ = {
			isa = PBXFrameworksBuildPhase;
			buildActionMask = 2147483647;
			files = (
			);
			runOnlyForDeploymentPostprocessing = 0;
		};
/* End PBXFrameworksBuildPhase section */

/* Begin PBXGroup section */
		97AF079B1DF5E60F00BB7565 = {
			isa = PBXGroup;
			children = (
				97AF07A61DF5E60F00BB7565 /* Calculus Topics */,
				97AF07A51DF5E60F00BB7565 /* Products */,
			);
			sourceTree = "<group>";
		};
		97AF07A51DF5E60F00BB7565 /* Products */ = {
			isa = PBXGroup;
			children = (
				97AF07A41DF5E60F00BB7565 /* Calculus Topics */,
			);
			name = Products;
			sourceTree = "<group>";
		};
		97AF07A61DF5E60F00BB7565 /* Calculus Topics */ = {
			isa = PBXGroup;
			children = (
				97AF07A71DF5E61000BB7565 /* main.cpp */,
			);
			path = "Calculus Topics";
			sourceTree = "<group>";
		};
/* End PBXGroup section */

/* Begin PBXNativeTarget section */
		97AF07A31DF5E60F00BB7565 /* Calculus Topics */ = {
			isa = PBXNativeTarget;
			buildConfigurationList = 97AF07AB1DF5E61000BB7565 /* Build configuration list for PBXNativeTarget "Calculus Topics" */;
			buildPhases = (
				97AF07A01DF5E60F00BB7565 /* Sources */,
				97AF07A11DF5E60F00BB7565 /* Frameworks */,
				97AF07A21DF5E60F00BB7565 /* CopyFiles */,
			);
			buildRules = (
			);
			dependencies = (
			);
			name = "Calculus Topics";
			productName = "Calculus Topics";
			productReference = 97AF07A41DF5E60F00BB7565 /* Calculus Topics */;
			productType = "com.apple.product-type.tool";
		};
/* End PBXNativeTarget section */

/* Begin PBXProject section */
		97AF079C1DF5E60F00BB7565 /* Project object */ = {
			isa = PBXProject;
			attributes = {
				LastUpgradeCheck = 0720;
				ORGANIZATIONNAME = "Tiffany Montgomery";
				TargetAttributes = {
					97AF07A31DF5E60F00BB7565 = {
						CreatedOnToolsVersion = 7.2;
					};
				};
			};
			buildConfigurationList = 97AF079F1DF5E60F00BB7565 /* Build configuration list for PBXProject "Calculus Topics" */;
			compatibilityVersion = "Xcode 3.2";
			developmentRegion = English;
			hasScannedForEncodings = 0;
			knownRegions = (
				en,
			);
			mainGroup = 97AF079B1DF5E60F00BB7565;
			productRefGroup = 97AF07A51DF5E60F00BB7565 /* Products */;
			projectDirPath = "";
			projectRoot = "";
			targets = (
				97AF07A31DF5E60F00BB7565 /* Calculus Topics */,
			);
		};
/* End PBXProject section */

/* Begin PBXSourcesBuildPhase section */
		97AF07A01DF5E60F00BB7565 /* Sources */ = {
			isa = PBXSourcesBuildPhase;
			buildActionMask = 2147483647;
			files = (
				97AF07A81DF5E61000BB7565 /* main.cpp in Sources */,
			);
			runOnlyForDeploymentPostprocessing = 0;
		};
/* End PBXSourcesBuildPhase section */

/* Begin XCBuildConfiguration section */
		97AF07A91DF5E61000BB7565 /* Debug */ = {
			isa = XCBuildConfiguration;
			buildSettings = {
				ALWAYS_SEARCH_USER_PATHS = NO;
				CLANG_CXX_LANGUAGE_STANDARD = "gnu++0x";
				CLANG_CXX_LIBRARY = "libc++";
				CLANG_ENABLE_MODULES = YES;
				CLANG_ENABLE_OBJC_ARC = YES;
				CLANG_WARN_BOOL_CONVERSION = YES;
				CLANG_WARN_CONSTANT_CONVERSION = YES;
				CLANG_WARN_DIRECT_OBJC_ISA_USAGE = YES_ERROR;
				CLANG_WARN_EMPTY_BODY = YES;
				CLANG_WARN_ENUM_CONVERSION = YES;
				CLANG_WARN_INT_CONVERSION = YES;
				CLANG_WARN_OBJC_ROOT_CLASS = YES_ERROR;
				CLANG_WARN_UNREACHABLE_CODE = YES;
				CLANG_WARN__DUPLICATE_METHOD_MATCH = YES;
				CODE_SIGN_IDENTITY = "-";
				COPY_PHASE_STRIP = NO;
				DEBUG_INFORMATION_FORMAT = dwarf;
				ENABLE_STRICT_OBJC_MSGSEND = YES;
				ENABLE_TESTABILITY = YES;
				GCC_C_LANGUAGE_STANDARD = gnu99;
				GCC_DYNAMIC_NO_PIC = NO;
				GCC_NO_COMMON_BLOCKS = YES;
				GCC_OPTIMIZATION_LEVEL = 0;
				GCC_PREPROCESSOR_DEFINITIONS = (
					"DEBUG=1",
					"$(inherited)",
				);
				GCC_WARN_64_TO_32_BIT_CONVERSION = YES;
				GCC_WARN_ABOUT_RETURN_TYPE = YES_ERROR;
				GCC_WARN_UNDECLARED_SELECTOR = YES;
				GCC_WARN_UNINITIALIZED_AUTOS = YES_AGGRESSIVE;
				GCC_WARN_UNUSED_FUNCTION = YES;
				GCC_WARN_UNUSED_VARIABLE = YES;
				MACOSX_DEPLOYMENT_TARGET = 10.11;
				MTL_ENABLE_DEBUG_INFO = YES;
				ONLY_ACTIVE_ARCH = YES;
				SDKROOT = macosx;
			};
			name = Debug;
		};
		97AF07AA1DF5E61000BB7565 /* Release */ = {
			isa = XCBuildConfiguration;
			buildSettings = {
				ALWAYS_SEARCH_USER_PATHS = NO;
				CLANG_CXX_LANGUAGE_STANDARD = "gnu++0x";
				CLANG_CXX_LIBRARY = "libc++";
				CLANG_ENABLE_MODULES = YES;
				CLANG_ENABLE_OBJC_ARC = YES;
				CLANG_WARN_BOOL_CONVERSION = YES;
				CLANG_WARN_CONSTANT_CONVERSION = YES;
				CLANG_WARN_DIRECT_OBJC_ISA_USAGE = YES_ERROR;
				CLANG_WARN_EMPTY_BODY = YES;
				CLANG_WARN_ENUM_CONVERSION = YES;
				CLANG_WARN_INT_CONVERSION = YES;
				CLANG_WARN_OBJC_ROOT_CLASS = YES_ERROR;
				CLANG_WARN_UNREACHABLE_CODE = YES;
				CLANG_WARN__DUPLICATE_METHOD_MATCH = YES;
				CODE_SIGN_IDENTITY = "-";
				COPY_PHASE_STRIP = NO;
				DEBUG_INFORMATION_FORMAT = "dwarf-with-dsym";
				ENABLE_NS_ASSERTIONS = NO;
				ENABLE_STRICT_OBJC_MSGSEND = YES;
				GCC_C_LANGUAGE_STANDARD = gnu99;
				GCC_NO_COMMON_BLOCKS = YES;
				GCC_WARN_64_TO_32_BIT_CONVERSION = YES;
				GCC_WARN_ABOUT_RETURN_TYPE = YES_ERROR;
				GCC_WARN_UNDECLARED_SELECTOR = YES;
				GCC_WARN_UNINITIALIZED_AUTOS = YES_AGGRESSIVE;
				GCC_WARN_UNUSED_FUNCTION = YES;
				GCC_WARN_UNUSED_VARIABLE = YES;
				MACOSX_DEPLOYMENT_TARGET = 10.11;
				MTL_ENABLE_DEBUG_INFO = NO;
				SDKROOT = macosx;
			};
			name = Release;
		};
		97AF07AC1DF5E61000BB7565 /* Debug */ = {
			isa = XCBuildConfiguration;
			buildSettings = {
				PRODUCT_NAME = "$(TARGET_NAME)";
			};
			name = Debug;
		};
		97AF07AD1DF5E61000BB7565 /* Release */ = {
			isa = XCBuildConfiguration;
			buildSettings = {
				PRODUCT_NAME = "$(TARGET_NAME)";
			};
			name = Release;
		};
/* End XCBuildConfiguration section */

/* Begin XCConfigurationList section */
		97AF079F1DF5E60F00BB7565 /* Build configuration list for PBXProject "Calculus Topics" */ = {
			isa = XCConfigurationList;
			buildConfigurations = (
				97AF07A91DF5E61000BB7565 /* Debug */,
				97AF07AA1DF5E61000BB7565 /* Release */,
			);
			defaultConfigurationIsVisible = 0;
			defaultConfigurationName = Release;
		};
		97AF07AB1DF5E61000BB7565 /* Build configuration list for PBXNativeTarget "Calculus Topics" */ = {
			isa = XCConfigurationList;
			buildConfigurations = (
				97AF07AC1DF5E61000BB7565 /* Debug */,
				97AF07AD1DF5E61000BB7565 /* Release */,
			);
			defaultConfigurationIsVisible = 0;
		};
/* End XCConfigurationList section */
	};
	rootObject = 97AF079C1DF5E60F00BB7565 /* Project object */;
}
